// !$*UTF8*$!
{
	archiveVersion = 1;
	classes = {
	};
	objectVersion = 50;
	objects = {

/* Begin PBXBuildFile section */
		2A9A4263267CDAF800B98232 /* MementoApp.swift in Sources */ = {isa = PBXBuildFile; fileRef = 2A9A4262267CDAF800B98232 /* MementoApp.swift */; };
		2A9A4265267CDAF800B98232 /* ContentView.swift in Sources */ = {isa = PBXBuildFile; fileRef = 2A9A4264267CDAF800B98232 /* ContentView.swift */; };
		2A9A4267267CDAFB00B98232 /* Assets.xcassets in Resources */ = {isa = PBXBuildFile; fileRef = 2A9A4266267CDAFB00B98232 /* Assets.xcassets */; };
		2A9A426A267CDAFB00B98232 /* Preview Assets.xcassets in Resources */ = {isa = PBXBuildFile; fileRef = 2A9A4269267CDAFB00B98232 /* Preview Assets.xcassets */; };
		2A9A4275267CDAFC00B98232 /* MementoTests.swift in Sources */ = {isa = PBXBuildFile; fileRef = 2A9A4274267CDAFC00B98232 /* MementoTests.swift */; };
		2A9A4280267CDAFC00B98232 /* MementoUITests.swift in Sources */ = {isa = PBXBuildFile; fileRef = 2A9A427F267CDAFC00B98232 /* MementoUITests.swift */; };
/* End PBXBuildFile section */

/* Begin PBXContainerItemProxy section */
		2A9A4271267CDAFC00B98232 /* PBXContainerItemProxy */ = {
			isa = PBXContainerItemProxy;
			containerPortal = 2A9A4257267CDAF700B98232 /* Project object */;
			proxyType = 1;
			remoteGlobalIDString = 2A9A425E267CDAF800B98232;
			remoteInfo = Memento;
		};
		2A9A427C267CDAFC00B98232 /* PBXContainerItemProxy */ = {
			isa = PBXContainerItemProxy;
			containerPortal = 2A9A4257267CDAF700B98232 /* Project object */;
			proxyType = 1;
			remoteGlobalIDString = 2A9A425E267CDAF800B98232;
			remoteInfo = Memento;
		};
/* End PBXContainerItemProxy section */

/* Begin PBXFileReference section */
		2A9A425F267CDAF800B98232 /* Memento.app */ = {isa = PBXFileReference; explicitFileType = wrapper.application; includeInIndex = 0; path = Memento.app; sourceTree = BUILT_PRODUCTS_DIR; };
		2A9A4262267CDAF800B98232 /* MementoApp.swift */ = {isa = PBXFileReference; lastKnownFileType = sourcecode.swift; path = MementoApp.swift; sourceTree = "<group>"; };
		2A9A4264267CDAF800B98232 /* ContentView.swift */ = {isa = PBXFileReference; lastKnownFileType = sourcecode.swift; path = ContentView.swift; sourceTree = "<group>"; };
		2A9A4266267CDAFB00B98232 /* Assets.xcassets */ = {isa = PBXFileReference; lastKnownFileType = folder.assetcatalog; path = Assets.xcassets; sourceTree = "<group>"; };
		2A9A4269267CDAFB00B98232 /* Preview Assets.xcassets */ = {isa = PBXFileReference; lastKnownFileType = folder.assetcatalog; path = "Preview Assets.xcassets"; sourceTree = "<group>"; };
		2A9A426B267CDAFB00B98232 /* Info.plist */ = {isa = PBXFileReference; lastKnownFileType = text.plist.xml; path = Info.plist; sourceTree = "<group>"; };
		2A9A4270267CDAFC00B98232 /* MementoTests.xctest */ = {isa = PBXFileReference; explicitFileType = wrapper.cfbundle; includeInIndex = 0; path = MementoTests.xctest; sourceTree = BUILT_PRODUCTS_DIR; };
		2A9A4274267CDAFC00B98232 /* MementoTests.swift */ = {isa = PBXFileReference; lastKnownFileType = sourcecode.swift; path = MementoTests.swift; sourceTree = "<group>"; };
		2A9A4276267CDAFC00B98232 /* Info.plist */ = {isa = PBXFileReference; lastKnownFileType = text.plist.xml; path = Info.plist; sourceTree = "<group>"; };
		2A9A427B267CDAFC00B98232 /* MementoUITests.xctest */ = {isa = PBXFileReference; explicitFileType = wrapper.cfbundle; includeInIndex = 0; path = MementoUITests.xctest; sourceTree = BUILT_PRODUCTS_DIR; };
		2A9A427F267CDAFC00B98232 /* MementoUITests.swift */ = {isa = PBXFileReference; lastKnownFileType = sourcecode.swift; path = MementoUITests.swift; sourceTree = "<group>"; };
		2A9A4281267CDAFC00B98232 /* Info.plist */ = {isa = PBXFileReference; lastKnownFileType = text.plist.xml; path = Info.plist; sourceTree = "<group>"; };
/* End PBXFileReference section */

/* Begin PBXFrameworksBuildPhase section */
		2A9A425C267CDAF800B98232 /* Frameworks */ = {
			isa = PBXFrameworksBuildPhase;
			buildActionMask = 2147483647;
			files = (
			);
			runOnlyForDeploymentPostprocessing = 0;
		};
		2A9A426D267CDAFC00B98232 /* Frameworks */ = {
			isa = PBXFrameworksBuildPhase;
			buildActionMask = 2147483647;
			files = (
			);
			runOnlyForDeploymentPostprocessing = 0;
		};
		2A9A4278267CDAFC00B98232 /* Frameworks */ = {
			isa = PBXFrameworksBuildPhase;
			buildActionMask = 2147483647;
			files = (
			);
			runOnlyForDeploymentPostprocessing = 0;
		};
/* End PBXFrameworksBuildPhase section */

/* Begin PBXGroup section */
		2A9A4256267CDAF700B98232 = {
			isa = PBXGroup;
			children = (
				2A9A4261267CDAF800B98232 /* Memento */,
				2A9A4273267CDAFC00B98232 /* MementoTests */,
				2A9A427E267CDAFC00B98232 /* MementoUITests */,
				2A9A4260267CDAF800B98232 /* Products */,
			);
			sourceTree = "<group>";
		};
		2A9A4260267CDAF800B98232 /* Products */ = {
			isa = PBXGroup;
			children = (
				2A9A425F267CDAF800B98232 /* Memento.app */,
				2A9A4270267CDAFC00B98232 /* MementoTests.xctest */,
				2A9A427B267CDAFC00B98232 /* MementoUITests.xctest */,
			);
			name = Products;
			sourceTree = "<group>";
		};
		2A9A4261267CDAF800B98232 /* Memento */ = {
			isa = PBXGroup;
			children = (
				2A9A4262267CDAF800B98232 /* MementoApp.swift */,
				2A9A4264267CDAF800B98232 /* ContentView.swift */,
				2A9A4266267CDAFB00B98232 /* Assets.xcassets */,
				2A9A426B267CDAFB00B98232 /* Info.plist */,
				2A9A4268267CDAFB00B98232 /* Preview Content */,
			);
			path = Memento;
			sourceTree = "<group>";
		};
		2A9A4268267CDAFB00B98232 /* Preview Content */ = {
			isa = PBXGroup;
			children = (
				2A9A4269267CDAFB00B98232 /* Preview Assets.xcassets */,
			);
			path = "Preview Content";
			sourceTree = "<group>";
		};
		2A9A4273267CDAFC00B98232 /* MementoTests */ = {
			isa = PBXGroup;
			children = (
				2A9A4274267CDAFC00B98232 /* MementoTests.swift */,
				2A9A4276267CDAFC00B98232 /* Info.plist */,
			);
			path = MementoTests;
			sourceTree = "<group>";
		};
		2A9A427E267CDAFC00B98232 /* MementoUITests */ = {
			isa = PBXGroup;
			children = (
				2A9A427F267CDAFC00B98232 /* MementoUITests.swift */,
				2A9A4281267CDAFC00B98232 /* Info.plist */,
			);
			path = MementoUITests;
			sourceTree = "<group>";
		};
/* End PBXGroup section */

/* Begin PBXNativeTarget section */
		2A9A425E267CDAF800B98232 /* Memento */ = {
			isa = PBXNativeTarget;
			buildConfigurationList = 2A9A4284267CDAFC00B98232 /* Build configuration list for PBXNativeTarget "Memento" */;
			buildPhases = (
				2A9A425B267CDAF800B98232 /* Sources */,
				2A9A425C267CDAF800B98232 /* Frameworks */,
				2A9A425D267CDAF800B98232 /* Resources */,
			);
			buildRules = (
			);
			dependencies = (
			);
			name = Memento;
			productName = Memento;
			productReference = 2A9A425F267CDAF800B98232 /* Memento.app */;
			productType = "com.apple.product-type.application";
		};
		2A9A426F267CDAFC00B98232 /* MementoTests */ = {
			isa = PBXNativeTarget;
			buildConfigurationList = 2A9A4287267CDAFC00B98232 /* Build configuration list for PBXNativeTarget "MementoTests" */;
			buildPhases = (
				2A9A426C267CDAFC00B98232 /* Sources */,
				2A9A426D267CDAFC00B98232 /* Frameworks */,
				2A9A426E267CDAFC00B98232 /* Resources */,
			);
			buildRules = (
			);
			dependencies = (
				2A9A4272267CDAFC00B98232 /* PBXTargetDependency */,
			);
			name = MementoTests;
			productName = MementoTests;
			productReference = 2A9A4270267CDAFC00B98232 /* MementoTests.xctest */;
			productType = "com.apple.product-type.bundle.unit-test";
		};
		2A9A427A267CDAFC00B98232 /* MementoUITests */ = {
			isa = PBXNativeTarget;
			buildConfigurationList = 2A9A428A267CDAFC00B98232 /* Build configuration list for PBXNativeTarget "MementoUITests" */;
			buildPhases = (
				2A9A4277267CDAFC00B98232 /* Sources */,
				2A9A4278267CDAFC00B98232 /* Frameworks */,
				2A9A4279267CDAFC00B98232 /* Resources */,
			);
			buildRules = (
			);
			dependencies = (
				2A9A427D267CDAFC00B98232 /* PBXTargetDependency */,
			);
			name = MementoUITests;
			productName = MementoUITests;
			productReference = 2A9A427B267CDAFC00B98232 /* MementoUITests.xctest */;
			productType = "com.apple.product-type.bundle.ui-testing";
		};
/* End PBXNativeTarget section */

/* Begin PBXProject section */
		2A9A4257267CDAF700B98232 /* Project object */ = {
			isa = PBXProject;
			attributes = {
				LastSwiftUpdateCheck = 1250;
				LastUpgradeCheck = 1250;
				TargetAttributes = {
					2A9A425E267CDAF800B98232 = {
						CreatedOnToolsVersion = 12.5;
					};
					2A9A426F267CDAFC00B98232 = {
						CreatedOnToolsVersion = 12.5;
						TestTargetID = 2A9A425E267CDAF800B98232;
					};
					2A9A427A267CDAFC00B98232 = {
						CreatedOnToolsVersion = 12.5;
						TestTargetID = 2A9A425E267CDAF800B98232;
					};
				};
			};
			buildConfigurationList = 2A9A425A267CDAF700B98232 /* Build configuration list for PBXProject "Memento" */;
			compatibilityVersion = "Xcode 9.3";
			developmentRegion = en;
			hasScannedForEncodings = 0;
			knownRegions = (
				en,
				Base,
			);
			mainGroup = 2A9A4256267CDAF700B98232;
			productRefGroup = 2A9A4260267CDAF800B98232 /* Products */;
			projectDirPath = "";
			projectRoot = "";
			targets = (
				2A9A425E267CDAF800B98232 /* Memento */,
				2A9A426F267CDAFC00B98232 /* MementoTests */,
				2A9A427A267CDAFC00B98232 /* MementoUITests */,
			);
		};
/* End PBXProject section */

/* Begin PBXResourcesBuildPhase section */
		2A9A425D267CDAF800B98232 /* Resources */ = {
			isa = PBXResourcesBuildPhase;
			buildActionMask = 2147483647;
			files = (
				2A9A426A267CDAFB00B98232 /* Preview Assets.xcassets in Resources */,
				2A9A4267267CDAFB00B98232 /* Assets.xcassets in Resources */,
			);
			runOnlyForDeploymentPostprocessing = 0;
		};
		2A9A426E267CDAFC00B98232 /* Resources */ = {
			isa = PBXResourcesBuildPhase;
			buildActionMask = 2147483647;
			files = (
			);
			runOnlyForDeploymentPostprocessing = 0;
		};
		2A9A4279267CDAFC00B98232 /* Resources */ = {
			isa = PBXResourcesBuildPhase;
			buildActionMask = 2147483647;
			files = (
			);
			runOnlyForDeploymentPostprocessing = 0;
		};
/* End PBXResourcesBuildPhase section */

/* Begin PBXSourcesBuildPhase section */
		2A9A425B267CDAF800B98232 /* Sources */ = {
			isa = PBXSourcesBuildPhase;
			buildActionMask = 2147483647;
			files = (
				2A9A4265267CDAF800B98232 /* ContentView.swift in Sources */,
				2A9A4263267CDAF800B98232 /* MementoApp.swift in Sources */,
			);
			runOnlyForDeploymentPostprocessing = 0;
		};
		2A9A426C267CDAFC00B98232 /* Sources */ = {
			isa = PBXSourcesBuildPhase;
			buildActionMask = 2147483647;
			files = (
				2A9A4275267CDAFC00B98232 /* MementoTests.swift in Sources */,
			);
			runOnlyForDeploymentPostprocessing = 0;
		};
		2A9A4277267CDAFC00B98232 /* Sources */ = {
			isa = PBXSourcesBuildPhase;
			buildActionMask = 2147483647;
			files = (
				2A9A4280267CDAFC00B98232 /* MementoUITests.swift in Sources */,
			);
			runOnlyForDeploymentPostprocessing = 0;
		};
/* End PBXSourcesBuildPhase section */

/* Begin PBXTargetDependency section */
		2A9A4272267CDAFC00B98232 /* PBXTargetDependency */ = {
			isa = PBXTargetDependency;
			target = 2A9A425E267CDAF800B98232 /* Memento */;
			targetProxy = 2A9A4271267CDAFC00B98232 /* PBXContainerItemProxy */;
		};
		2A9A427D267CDAFC00B98232 /* PBXTargetDependency */ = {
			isa = PBXTargetDependency;
			target = 2A9A425E267CDAF800B98232 /* Memento */;
			targetProxy = 2A9A427C267CDAFC00B98232 /* PBXContainerItemProxy */;
		};
/* End PBXTargetDependency section */

/* Begin XCBuildConfiguration section */
		2A9A4282267CDAFC00B98232 /* Debug */ = {
			isa = XCBuildConfiguration;
			buildSettings = {
				ALWAYS_SEARCH_USER_PATHS = NO;
				CLANG_ANALYZER_NONNULL = YES;
				CLANG_ANALYZER_NUMBER_OBJECT_CONVERSION = YES_AGGRESSIVE;
				CLANG_CXX_LANGUAGE_STANDARD = "gnu++14";
				CLANG_CXX_LIBRARY = "libc++";
				CLANG_ENABLE_MODULES = YES;
				CLANG_ENABLE_OBJC_ARC = YES;
				CLANG_ENABLE_OBJC_WEAK = YES;
				CLANG_WARN_BLOCK_CAPTURE_AUTORELEASING = YES;
				CLANG_WARN_BOOL_CONVERSION = YES;
				CLANG_WARN_COMMA = YES;
				CLANG_WARN_CONSTANT_CONVERSION = YES;
				CLANG_WARN_DEPRECATED_OBJC_IMPLEMENTATIONS = YES;
				CLANG_WARN_DIRECT_OBJC_ISA_USAGE = YES_ERROR;
				CLANG_WARN_DOCUMENTATION_COMMENTS = YES;
				CLANG_WARN_EMPTY_BODY = YES;
				CLANG_WARN_ENUM_CONVERSION = YES;
				CLANG_WARN_INFINITE_RECURSION = YES;
				CLANG_WARN_INT_CONVERSION = YES;
				CLANG_WARN_NON_LITERAL_NULL_CONVERSION = YES;
				CLANG_WARN_OBJC_IMPLICIT_RETAIN_SELF = YES;
				CLANG_WARN_OBJC_LITERAL_CONVERSION = YES;
				CLANG_WARN_OBJC_ROOT_CLASS = YES_ERROR;
				CLANG_WARN_QUOTED_INCLUDE_IN_FRAMEWORK_HEADER = YES;
				CLANG_WARN_RANGE_LOOP_ANALYSIS = YES;
				CLANG_WARN_STRICT_PROTOTYPES = YES;
				CLANG_WARN_SUSPICIOUS_MOVE = YES;
				CLANG_WARN_UNGUARDED_AVAILABILITY = YES_AGGRESSIVE;
				CLANG_WARN_UNREACHABLE_CODE = YES;
				CLANG_WARN__DUPLICATE_METHOD_MATCH = YES;
				COPY_PHASE_STRIP = NO;
				DEBUG_INFORMATION_FORMAT = dwarf;
				ENABLE_STRICT_OBJC_MSGSEND = YES;
				ENABLE_TESTABILITY = YES;
				GCC_C_LANGUAGE_STANDARD = gnu11;
				GCC_DYNAMIC_NO_PIC = NO;
				GCC_NO_COMMON_BLOCKS = YES;
				GCC_OPTIMIZATION_LEVEL = 0;
				GCC_PREPROCESSOR_DEFINITIONS = (
					"DEBUG=1",
					"$(inherited)",
				);
				GCC_WARN_64_TO_32_BIT_CONVERSION = YES;
				GCC_WARN_ABOUT_RETURN_TYPE = YES_ERROR;
				GCC_WARN_UNDECLARED_SELECTOR = YES;
				GCC_WARN_UNINITIALIZED_AUTOS = YES_AGGRESSIVE;
				GCC_WARN_UNUSED_FUNCTION = YES;
				GCC_WARN_UNUSED_VARIABLE = YES;
				IPHONEOS_DEPLOYMENT_TARGET = 14.5;
				MTL_ENABLE_DEBUG_INFO = INCLUDE_SOURCE;
				MTL_FAST_MATH = YES;
				ONLY_ACTIVE_ARCH = YES;
				SDKROOT = iphoneos;
				SWIFT_ACTIVE_COMPILATION_CONDITIONS = DEBUG;
				SWIFT_OPTIMIZATION_LEVEL = "-Onone";
			};
			name = Debug;
		};
		2A9A4283267CDAFC00B98232 /* Release */ = {
			isa = XCBuildConfiguration;
			buildSettings = {
				ALWAYS_SEARCH_USER_PATHS = NO;
				CLANG_ANALYZER_NONNULL = YES;
				CLANG_ANALYZER_NUMBER_OBJECT_CONVERSION = YES_AGGRESSIVE;
				CLANG_CXX_LANGUAGE_STANDARD = "gnu++14";
				CLANG_CXX_LIBRARY = "libc++";
				CLANG_ENABLE_MODULES = YES;
				CLANG_ENABLE_OBJC_ARC = YES;
				CLANG_ENABLE_OBJC_WEAK = YES;
				CLANG_WARN_BLOCK_CAPTURE_AUTORELEASING = YES;
				CLANG_WARN_BOOL_CONVERSION = YES;
				CLANG_WARN_COMMA = YES;
				CLANG_WARN_CONSTANT_CONVERSION = YES;
				CLANG_WARN_DEPRECATED_OBJC_IMPLEMENTATIONS = YES;
				CLANG_WARN_DIRECT_OBJC_ISA_USAGE = YES_ERROR;
				CLANG_WARN_DOCUMENTATION_COMMENTS = YES;
				CLANG_WARN_EMPTY_BODY = YES;
				CLANG_WARN_ENUM_CONVERSION = YES;
				CLANG_WARN_INFINITE_RECURSION = YES;
				CLANG_WARN_INT_CONVERSION = YES;
				CLANG_WARN_NON_LITERAL_NULL_CONVERSION = YES;
				CLANG_WARN_OBJC_IMPLICIT_RETAIN_SELF = YES;
				CLANG_WARN_OBJC_LITERAL_CONVERSION = YES;
				CLANG_WARN_OBJC_ROOT_CLASS = YES_ERROR;
				CLANG_WARN_QUOTED_INCLUDE_IN_FRAMEWORK_HEADER = YES;
				CLANG_WARN_RANGE_LOOP_ANALYSIS = YES;
				CLANG_WARN_STRICT_PROTOTYPES = YES;
				CLANG_WARN_SUSPICIOUS_MOVE = YES;
				CLANG_WARN_UNGUARDED_AVAILABILITY = YES_AGGRESSIVE;
				CLANG_WARN_UNREACHABLE_CODE = YES;
				CLANG_WARN__DUPLICATE_METHOD_MATCH = YES;
				COPY_PHASE_STRIP = NO;
				DEBUG_INFORMATION_FORMAT = "dwarf-with-dsym";
				ENABLE_NS_ASSERTIONS = NO;
				ENABLE_STRICT_OBJC_MSGSEND = YES;
				GCC_C_LANGUAGE_STANDARD = gnu11;
				GCC_NO_COMMON_BLOCKS = YES;
				GCC_WARN_64_TO_32_BIT_CONVERSION = YES;
				GCC_WARN_ABOUT_RETURN_TYPE = YES_ERROR;
				GCC_WARN_UNDECLARED_SELECTOR = YES;
				GCC_WARN_UNINITIALIZED_AUTOS = YES_AGGRESSIVE;
				GCC_WARN_UNUSED_FUNCTION = YES;
				GCC_WARN_UNUSED_VARIABLE = YES;
				IPHONEOS_DEPLOYMENT_TARGET = 14.5;
				MTL_ENABLE_DEBUG_INFO = NO;
				MTL_FAST_MATH = YES;
				SDKROOT = iphoneos;
				SWIFT_COMPILATION_MODE = wholemodule;
				SWIFT_OPTIMIZATION_LEVEL = "-O";
				VALIDATE_PRODUCT = YES;
			};
			name = Release;
		};
		2A9A4285267CDAFC00B98232 /* Debug */ = {
			isa = XCBuildConfiguration;
			buildSettings = {
				ASSETCATALOG_COMPILER_APPICON_NAME = AppIcon;
				ASSETCATALOG_COMPILER_GLOBAL_ACCENT_COLOR_NAME = AccentColor;
				CODE_SIGN_STYLE = Automatic;
				DEVELOPMENT_ASSET_PATHS = "\"Memento/Preview Content\"";
				DEVELOPMENT_TEAM = 3EKVPWP7ND;
				ENABLE_PREVIEWS = YES;
				INFOPLIST_FILE = Memento/Info.plist;
				IPHONEOS_DEPLOYMENT_TARGET = 14.0;
				LD_RUNPATH_SEARCH_PATHS = (
					"$(inherited)",
					"@executable_path/Frameworks",
				);
				PRODUCT_BUNDLE_IDENTIFIER = dev.filipzeman.Memento;
				PRODUCT_NAME = "$(TARGET_NAME)";
				SWIFT_VERSION = 5.0;
				TARGETED_DEVICE_FAMILY = "1,2";
			};
			name = Debug;
		};
		2A9A4286267CDAFC00B98232 /* Release */ = {
			isa = XCBuildConfiguration;
			buildSettings = {
				ASSETCATALOG_COMPILER_APPICON_NAME = AppIcon;
				ASSETCATALOG_COMPILER_GLOBAL_ACCENT_COLOR_NAME = AccentColor;
				CODE_SIGN_STYLE = Automatic;
				DEVELOPMENT_ASSET_PATHS = "\"Memento/Preview Content\"";
				DEVELOPMENT_TEAM = 3EKVPWP7ND;
				ENABLE_PREVIEWS = YES;
				INFOPLIST_FILE = Memento/Info.plist;
				IPHONEOS_DEPLOYMENT_TARGET = 14.0;
				LD_RUNPATH_SEARCH_PATHS = (
					"$(inherited)",
					"@executable_path/Frameworks",
				);
				PRODUCT_BUNDLE_IDENTIFIER = dev.filipzeman.Memento;
				PRODUCT_NAME = "$(TARGET_NAME)";
				SWIFT_VERSION = 5.0;
				TARGETED_DEVICE_FAMILY = "1,2";
			};
			name = Release;
		};
		2A9A4288267CDAFC00B98232 /* Debug */ = {
			isa = XCBuildConfiguration;
			buildSettings = {
				ALWAYS_EMBED_SWIFT_STANDARD_LIBRARIES = YES;
				BUNDLE_LOADER = "$(TEST_HOST)";
				CODE_SIGN_STYLE = Automatic;
				DEVELOPMENT_TEAM = 3EKVPWP7ND;
				INFOPLIST_FILE = MementoTests/Info.plist;
				IPHONEOS_DEPLOYMENT_TARGET = 14.0;
				LD_RUNPATH_SEARCH_PATHS = (
					"$(inherited)",
					"@executable_path/Frameworks",
					"@loader_path/Frameworks",
				);
				PRODUCT_BUNDLE_IDENTIFIER = dev.filipzeman.MementoTests;
				PRODUCT_NAME = "$(TARGET_NAME)";
				SWIFT_VERSION = 5.0;
				TARGETED_DEVICE_FAMILY = "1,2";
				TEST_HOST = "$(BUILT_PRODUCTS_DIR)/Memento.app/Memento";
			};
			name = Debug;
		};
		2A9A4289267CDAFC00B98232 /* Release */ = {
			isa = XCBuildConfiguration;
			buildSettings = {
				ALWAYS_EMBED_SWIFT_STANDARD_LIBRARIES = YES;
				BUNDLE_LOADER = "$(TEST_HOST)";
				CODE_SIGN_STYLE = Automatic;
				DEVELOPMENT_TEAM = 3EKVPWP7ND;
				INFOPLIST_FILE = MementoTests/Info.plist;
				IPHONEOS_DEPLOYMENT_TARGET = 14.0;
				LD_RUNPATH_SEARCH_PATHS = (
					"$(inherited)",
					"@executable_path/Frameworks",
					"@loader_path/Frameworks",
				);
				PRODUCT_BUNDLE_IDENTIFIER = dev.filipzeman.MementoTests;
				PRODUCT_NAME = "$(TARGET_NAME)";
				SWIFT_VERSION = 5.0;
				TARGETED_DEVICE_FAMILY = "1,2";
				TEST_HOST = "$(BUILT_PRODUCTS_DIR)/Memento.app/Memento";
			};
			name = Release;
		};
		2A9A428B267CDAFC00B98232 /* Debug */ = {
			isa = XCBuildConfiguration;
			buildSettings = {
				ALWAYS_EMBED_SWIFT_STANDARD_LIBRARIES = YES;
				CODE_SIGN_STYLE = Automatic;
				DEVELOPMENT_TEAM = 3EKVPWP7ND;
				INFOPLIST_FILE = MementoUITests/Info.plist;
				LD_RUNPATH_SEARCH_PATHS = (
					"$(inherited)",
					"@executable_path/Frameworks",
					"@loader_path/Frameworks",
				);
				PRODUCT_BUNDLE_IDENTIFIER = dev.filipzeman.MementoUITests;
				PRODUCT_NAME = "$(TARGET_NAME)";
				SWIFT_VERSION = 5.0;
				TARGETED_DEVICE_FAMILY = "1,2";
				TEST_TARGET_NAME = Memento;
			};
			name = Debug;
		};
		2A9A428C267CDAFC00B98232 /* Release */ = {
			isa = XCBuildConfiguration;
			buildSettings = {
				ALWAYS_EMBED_SWIFT_STANDARD_LIBRARIES = YES;
				CODE_SIGN_STYLE = Automatic;
				DEVELOPMENT_TEAM = 3EKVPWP7ND;
				INFOPLIST_FILE = MementoUITests/Info.plist;
				LD_RUNPATH_SEARCH_PATHS = (
					"$(inherited)",
					"@executable_path/Frameworks",
					"@loader_path/Frameworks",
				);
				PRODUCT_BUNDLE_IDENTIFIER = dev.filipzeman.MementoUITests;
				PRODUCT_NAME = "$(TARGET_NAME)";
				SWIFT_VERSION = 5.0;
				TARGETED_DEVICE_FAMILY = "1,2";
				TEST_TARGET_NAME = Memento;
			};
			name = Release;
		};
/* End XCBuildConfiguration section */

/* Begin XCConfigurationList section */
		2A9A425A267CDAF700B98232 /* Build configuration list for PBXProject "Memento" */ = {
			isa = XCConfigurationList;
			buildConfigurations = (
				2A9A4282267CDAFC00B98232 /* Debug */,
				2A9A4283267CDAFC00B98232 /* Release */,
			);
			defaultConfigurationIsVisible = 0;
			defaultConfigurationName = Release;
		};
		2A9A4284267CDAFC00B98232 /* Build configuration list for PBXNativeTarget "Memento" */ = {
			isa = XCConfigurationList;
			buildConfigurations = (
				2A9A4285267CDAFC00B98232 /* Debug */,
				2A9A4286267CDAFC00B98232 /* Release */,
			);
			defaultConfigurationIsVisible = 0;
			defaultConfigurationName = Release;
		};
		2A9A4287267CDAFC00B98232 /* Build configuration list for PBXNativeTarget "MementoTests" */ = {
			isa = XCConfigurationList;
			buildConfigurations = (
				2A9A4288267CDAFC00B98232 /* Debug */,
				2A9A4289267CDAFC00B98232 /* Release */,
			);
			defaultConfigurationIsVisible = 0;
			defaultConfigurationName = Release;
		};
		2A9A428A267CDAFC00B98232 /* Build configuration list for PBXNativeTarget "MementoUITests" */ = {
			isa = XCConfigurationList;
			buildConfigurations = (
				2A9A428B267CDAFC00B98232 /* Debug */,
				2A9A428C267CDAFC00B98232 /* Release */,
			);
			defaultConfigurationIsVisible = 0;
			defaultConfigurationName = Release;
		};
/* End XCConfigurationList section */
	};
	rootObject = 2A9A4257267CDAF700B98232 /* Project object */;
}
